{
  "version": "4",
  "specifiers": {
    "jsr:@std/assert@1": "1.0.11",
    "jsr:@std/internal@^1.0.5": "1.0.5"
  },
  "jsr": {
    "@std/assert@1.0.11": {
      "integrity": "2461ef3c368fe88bc60e186e7744a93112f16fd110022e113a0849e94d1c83c1",
      "dependencies": [
        "jsr:@std/internal"
      ]
    },
    "@std/internal@1.0.5": {
      "integrity": "54a546004f769c1ac9e025abd15a76b6671ddc9687e2313b67376125650dc7ba"
    }
  },
  "redirects": {
    "https://deno.land/std/http/server.ts": "https://deno.land/std@0.224.0/http/server.ts"
  },
  "remote": {
    "https://cdn.skypack.dev/-/@supabase/auth-js@v2.67.3-luvDQMY2jIl8YAjGsNbg/dist=es2019,mode=imports/optimized/@supabase/auth-js.js": "64bd3a1197cf15e2b54b581d275e6039f5a9d11d0f69aeffb8974b40f02ed79e",
    "https://cdn.skypack.dev/-/@supabase/functions-js@v2.4.4-wkIkwEeAXpzxslGS7ZTd/dist=es2019,mode=imports/optimized/@supabase/functions-js.js": "62543d4ebd435e2990ea1aecb9e5938066928f63eed72047e9d723b06d4c7e59",
    "https://cdn.skypack.dev/-/@supabase/node-fetch@v2.6.15-c5DrO8K0MoiPZxDi1V2L/dist=es2019,mode=imports/optimized/@supabase/node-fetch.js": "13c594130f698a0a5c59a76ceeff4c9b8749204b1c2754339a71cc1b388d6c02",
    "https://cdn.skypack.dev/-/@supabase/postgrest-js@v1.18.1-Tor3AO4hKeuUEFXCDs2v/dist=es2019,mode=imports/optimized/@supabase/postgrest-js.js": "3fcfaac700b99e493186a24316ef809d1a549e7e2d89a1b06e1e08e947e70aa7",
    "https://cdn.skypack.dev/-/@supabase/realtime-js@v2.11.2-hCIgdjUqcsjGhezZO7vB/dist=es2019,mode=imports/optimized/@supabase/realtime-js.js": "4de7f99de2282a55fa02cf7ae6070fe4936c07c83c9863ab8297c063d1a2ccc3",
    "https://cdn.skypack.dev/-/@supabase/storage-js@v2.7.1-PqiU3azcKjwu0FbblYoI/dist=es2019,mode=imports/optimized/@supabase/storage-js.js": "ab767701e80e953fd90840b5ca1d1fcb29c1a1b588c8c125eaeafc4caff169bb",
    "https://cdn.skypack.dev/-/@supabase/supabase-js@v2.48.1-Y3P1PoFF2eatCaxdnjxz/dist=es2019,mode=imports/optimized/@supabase/supabase-js.js": "7539ea7b049c2eae7b233cc3948bee21fb9708214dd2448462f793ce5bf8708f",
    "https://cdn.skypack.dev/-/ws@v8.18.0-QNBS0aBUkqIltOX8bZGC/dist=es2019,mode=imports/optimized/ws.js": "1d28a62de8fe1860778bab1543a277d81874c9a53a84810f945a2855975b1b6d",
    "https://cdn.skypack.dev/@supabase/supabase-js": "544207901564d5de9dfd3b24ac1f680f182bdd91539cf860aa58007b49390c36",
    "https://deno.land/std@0.114.0/async/deadline.ts": "1d6ac7aeaee22f75eb86e4e105d6161118aad7b41ae2dd14f4cfd3bf97472b93",
    "https://deno.land/std@0.114.0/async/debounce.ts": "b2f693e4baa16b62793fd618de6c003b63228db50ecfe3bd51fc5f6dc0bc264b",
    "https://deno.land/std@0.114.0/async/deferred.ts": "ab60d46ba561abb3b13c0c8085d05797a384b9f182935f051dc67136817acdee",
    "https://deno.land/std@0.114.0/async/delay.ts": "f2d8ccaa8ebc26594bd8b0989edfd8a96257a714c1dee2fb54d986e5bdd840ac",
    "https://deno.land/std@0.114.0/async/mod.ts": "78425176fabea7bd1046ce3819fd69ce40da85c83e0f174d17e8e224a91f7d10",
    "https://deno.land/std@0.114.0/async/mux_async_iterator.ts": "62abff3af9ff619e8f2adc96fc70d4ca020fa48a50c23c13f12d02ed2b760dbe",
    "https://deno.land/std@0.114.0/async/pool.ts": "353ce4f91865da203a097aa6f33de8966340c91b6f4a055611c8c5d534afd12f",
    "https://deno.land/std@0.114.0/async/tee.ts": "3e9f2ef6b36e55188de16a667c702ace4ad0cf84e3720379160e062bf27348ad",
    "https://deno.land/std@0.114.0/http/server.ts": "46f616eac1ca0ea7b9fce97102d185a3d97ae7d7d3bbd635b74cefe05ed1cb37",
    "https://deno.land/std@0.224.0/async/delay.ts": "f90dd685b97c2f142b8069082993e437b1602b8e2561134827eeb7c12b95c499",
    "https://deno.land/std@0.224.0/http/server.ts": "f9313804bf6467a1704f45f76cb6cd0a3396a3b31c316035e6a4c2035d1ea514"
  },
  "workspace": {
    "dependencies": [
      "jsr:@std/assert@1"
    ]
  }
}
